{
  "originHash" : "627c87a5a7cac2bb6c3fd1d2ccb3b4e1a558b7e4bfecd70e33c526f1e842ce47",
  "pins" : [
    {
      "identity" : "fluidaudio",
      "kind" : "remoteSourceControl",
      "location" : "https://github.com/FluidInference/FluidAudio.git",
      "state" : {
        "revision" : "19600a485baa4998812e4654b70d2bab8f2c9949",
        "version" : "0.15.5"
      }
    }
  ],
  "version" : 3
}
